// !$*UTF8*$!
{
	archiveVersion = 1;
	classes = {
	};
	objectVersion = 56;
	objects = {

/* Begin PBXBuildFile section */
		E235A0C92D83DC4A00710B48 /* TV_Static_Noise_HD.mp4 in Resources */ = {isa = PBXBuildFile; fileRef = E235A0C82D83DC4A00710B48 /* TV_Static_Noise_HD.mp4 */; };
		E2508A442D74328400C2FE15 /* StaticView.swift in Sources */ = {isa = PBXBuildFile; fileRef = E2508A432D74328400C2FE15 /* StaticView.swift */; };
		E2508A462D743A4700C2FE15 /* WhiteNoiseGenerator.swift in Sources */ = {isa = PBXBuildFile; fileRef = E2508A452D743A4700C2FE15 /* WhiteNoiseGenerator.swift */; };
		E2564F112D682A4B00103AAC /* White_Noise_NowApp.swift in Sources */ = {isa = PBXBuildFile; fileRef = E2564F102D682A4B00103AAC /* White_Noise_NowApp.swift */; };
		E2564F132D682A4B00103AAC /* ContentView.swift in Sources */ = {isa = PBXBuildFile; fileRef = E2564F122D682A4B00103AAC /* ContentView.swift */; };
		E2564F152D682A4D00103AAC /* Assets.xcassets in Resources */ = {isa = PBXBuildFile; fileRef = E2564F142D682A4D00103AAC /* Assets.xcassets */; };
		E2564F182D682A4D00103AAC /* Preview Assets.xcassets in Resources */ = {isa = PBXBuildFile; fileRef = E2564F172D682A4D00103AAC /* Preview Assets.xcassets */; };
		E2564F222D682A4D00103AAC /* White_Noise_NowTests.swift in Sources */ = {isa = PBXBuildFile; fileRef = E2564F212D682A4D00103AAC /* White_Noise_NowTests.swift */; };
		E2564F2C2D682A4D00103AAC /* White_Noise_NowUITests.swift in Sources */ = {isa = PBXBuildFile; fileRef = E2564F2B2D682A4D00103AAC /* White_Noise_NowUITests.swift */; };
		E2564F2E2D682A4D00103AAC /* White_Noise_NowUITestsLaunchTests.swift in Sources */ = {isa = PBXBuildFile; fileRef = E2564F2D2D682A4D00103AAC /* White_Noise_NowUITestsLaunchTests.swift */; };
		E2ED58E62D7560C800B933A5 /* StaticVideoPlayer.swift in Sources */ = {isa = PBXBuildFile; fileRef = E2ED58E52D7560C800B933A5 /* StaticVideoPlayer.swift */; };
/* End PBXBuildFile section */

/* Begin PBXContainerItemProxy section */
		E2564F1E2D682A4D00103AAC /* PBXContainerItemProxy */ = {
			isa = PBXContainerItemProxy;
			containerPortal = E2564F052D682A4B00103AAC /* Project object */;
			proxyType = 1;
			remoteGlobalIDString = E2564F0C2D682A4B00103AAC;
			remoteInfo = "White Noise Now";
		};
		E2564F282D682A4D00103AAC /* PBXContainerItemProxy */ = {
			isa = PBXContainerItemProxy;
			containerPortal = E2564F052D682A4B00103AAC /* Project object */;
			proxyType = 1;
			remoteGlobalIDString = E2564F0C2D682A4B00103AAC;
			remoteInfo = "White Noise Now";
		};
/* End PBXContainerItemProxy section */

/* Begin PBXFileReference section */
		E235A0C82D83DC4A00710B48 /* TV_Static_Noise_HD.mp4 */ = {isa = PBXFileReference; lastKnownFileType = file; path = TV_Static_Noise_HD.mp4; sourceTree = "<group>"; };
		E2508A432D74328400C2FE15 /* StaticView.swift */ = {isa = PBXFileReference; lastKnownFileType = sourcecode.swift; path = StaticView.swift; sourceTree = "<group>"; };
		E2508A452D743A4700C2FE15 /* WhiteNoiseGenerator.swift */ = {isa = PBXFileReference; lastKnownFileType = sourcecode.swift; path = WhiteNoiseGenerator.swift; sourceTree = "<group>"; };
		E2564F0D2D682A4B00103AAC /* White Noise Now.app */ = {isa = PBXFileReference; explicitFileType = wrapper.application; includeInIndex = 0; path = "White Noise Now.app"; sourceTree = BUILT_PRODUCTS_DIR; };
		E2564F102D682A4B00103AAC /* White_Noise_NowApp.swift */ = {isa = PBXFileReference; lastKnownFileType = sourcecode.swift; path = White_Noise_NowApp.swift; sourceTree = "<group>"; };
		E2564F122D682A4B00103AAC /* ContentView.swift */ = {isa = PBXFileReference; lastKnownFileType = sourcecode.swift; path = ContentView.swift; sourceTree = "<group>"; };
		E2564F142D682A4D00103AAC /* Assets.xcassets */ = {isa = PBXFileReference; lastKnownFileType = folder.assetcatalog; path = Assets.xcassets; sourceTree = "<group>"; };
		E2564F172D682A4D00103AAC /* Preview Assets.xcassets */ = {isa = PBXFileReference; lastKnownFileType = folder.assetcatalog; path = "Preview Assets.xcassets"; sourceTree = "<group>"; };
		E2564F1D2D682A4D00103AAC /* White Noise NowTests.xctest */ = {isa = PBXFileReference; explicitFileType = wrapper.cfbundle; includeInIndex = 0; path = "White Noise NowTests.xctest"; sourceTree = BUILT_PRODUCTS_DIR; };
		E2564F212D682A4D00103AAC /* White_Noise_NowTests.swift */ = {isa = PBXFileReference; lastKnownFileType = sourcecode.swift; path = White_Noise_NowTests.swift; sourceTree = "<group>"; };
		E2564F272D682A4D00103AAC /* White Noise NowUITests.xctest */ = {isa = PBXFileReference; explicitFileType = wrapper.cfbundle; includeInIndex = 0; path = "White Noise NowUITests.xctest"; sourceTree = BUILT_PRODUCTS_DIR; };
		E2564F2B2D682A4D00103AAC /* White_Noise_NowUITests.swift */ = {isa = PBXFileReference; lastKnownFileType = sourcecode.swift; path = White_Noise_NowUITests.swift; sourceTree = "<group>"; };
		E2564F2D2D682A4D00103AAC /* White_Noise_NowUITestsLaunchTests.swift */ = {isa = PBXFileReference; lastKnownFileType = sourcecode.swift; path = White_Noise_NowUITestsLaunchTests.swift; sourceTree = "<group>"; };
		E2ED58E52D7560C800B933A5 /* StaticVideoPlayer.swift */ = {isa = PBXFileReference; lastKnownFileType = sourcecode.swift; path = StaticVideoPlayer.swift; sourceTree = "<group>"; };
/* End PBXFileReference section */

/* Begin PBXFrameworksBuildPhase section */
		E2564F0A2D682A4B00103AAC /* Frameworks */ = {
			isa = PBXFrameworksBuildPhase;
			buildActionMask = 2147483647;
			files = (
			);
			runOnlyForDeploymentPostprocessing = 0;
		};
		E2564F1A2D682A4D00103AAC /* Frameworks */ = {
			isa = PBXFrameworksBuildPhase;
			buildActionMask = 2147483647;
			files = (
			);
			runOnlyForDeploymentPostprocessing = 0;
		};
		E2564F242D682A4D00103AAC /* Frameworks */ = {
			isa = PBXFrameworksBuildPhase;
			buildActionMask = 2147483647;
			files = (
			);
			runOnlyForDeploymentPostprocessing = 0;
		};
/* End PBXFrameworksBuildPhase section */

/* Begin PBXGroup section */
		E2564F042D682A4B00103AAC = {
			isa = PBXGroup;
			children = (
				E2564F0F2D682A4B00103AAC /* White Noise Now */,
				E2564F202D682A4D00103AAC /* White Noise NowTests */,
				E2564F2A2D682A4D00103AAC /* White Noise NowUITests */,
				E2564F0E2D682A4B00103AAC /* Products */,
			);
			sourceTree = "<group>";
		};
		E2564F0E2D682A4B00103AAC /* Products */ = {
			isa = PBXGroup;
			children = (
				E2564F0D2D682A4B00103AAC /* White Noise Now.app */,
				E2564F1D2D682A4D00103AAC /* White Noise NowTests.xctest */,
				E2564F272D682A4D00103AAC /* White Noise NowUITests.xctest */,
			);
			name = Products;
			sourceTree = "<group>";
		};
		E2564F0F2D682A4B00103AAC /* White Noise Now */ = {
			isa = PBXGroup;
			children = (
				E2564F102D682A4B00103AAC /* White_Noise_NowApp.swift */,
				E2ED58E52D7560C800B933A5 /* StaticVideoPlayer.swift */,
				E2564F122D682A4B00103AAC /* ContentView.swift */,
				E2508A432D74328400C2FE15 /* StaticView.swift */,
				E2508A452D743A4700C2FE15 /* WhiteNoiseGenerator.swift */,
				E2564F142D682A4D00103AAC /* Assets.xcassets */,
				E235A0C82D83DC4A00710B48 /* TV_Static_Noise_HD.mp4 */,
				E2564F162D682A4D00103AAC /* Preview Content */,
			);
			path = "White Noise Now";
			sourceTree = "<group>";
		};
		E2564F162D682A4D00103AAC /* Preview Content */ = {
			isa = PBXGroup;
			children = (
				E2564F172D682A4D00103AAC /* Preview Assets.xcassets */,
			);
			path = "Preview Content";
			sourceTree = "<group>";
		};
		E2564F202D682A4D00103AAC /* White Noise NowTests */ = {
			isa = PBXGroup;
			children = (
				E2564F212D682A4D00103AAC /* White_Noise_NowTests.swift */,
			);
			path = "White Noise NowTests";
			sourceTree = "<group>";
		};
		E2564F2A2D682A4D00103AAC /* White Noise NowUITests */ = {
			isa = PBXGroup;
			children = (
				E2564F2B2D682A4D00103AAC /* White_Noise_NowUITests.swift */,
				E2564F2D2D682A4D00103AAC /* White_Noise_NowUITestsLaunchTests.swift */,
			);
			path = "White Noise NowUITests";
			sourceTree = "<group>";
		};
/* End PBXGroup section */

/* Begin PBXNativeTarget section */
		E2564F0C2D682A4B00103AAC /* White Noise Now */ = {
			isa = PBXNativeTarget;
			buildConfigurationList = E2564F312D682A4D00103AAC /* Build configuration list for PBXNativeTarget "White Noise Now" */;
			buildPhases = (
				E2564F092D682A4B00103AAC /* Sources */,
				E2564F0A2D682A4B00103AAC /* Frameworks */,
				E2564F0B2D682A4B00103AAC /* Resources */,
			);
			buildRules = (
			);
			dependencies = (
			);
			name = "White Noise Now";
			productName = "White Noise Now";
			productReference = E2564F0D2D682A4B00103AAC /* White Noise Now.app */;
			productType = "com.apple.product-type.application";
		};
		E2564F1C2D682A4D00103AAC /* White Noise NowTests */ = {
			isa = PBXNativeTarget;
			buildConfigurationList = E2564F342D682A4D00103AAC /* Build configuration list for PBXNativeTarget "White Noise NowTests" */;
			buildPhases = (
				E2564F192D682A4D00103AAC /* Sources */,
				E2564F1A2D682A4D00103AAC /* Frameworks */,
				E2564F1B2D682A4D00103AAC /* Resources */,
			);
			buildRules = (
			);
			dependencies = (
				E2564F1F2D682A4D00103AAC /* PBXTargetDependency */,
			);
			name = "White Noise NowTests";
			productName = "White Noise NowTests";
			productReference = E2564F1D2D682A4D00103AAC /* White Noise NowTests.xctest */;
			productType = "com.apple.product-type.bundle.unit-test";
		};
		E2564F262D682A4D00103AAC /* White Noise NowUITests */ = {
			isa = PBXNativeTarget;
			buildConfigurationList = E2564F372D682A4D00103AAC /* Build configuration list for PBXNativeTarget "White Noise NowUITests" */;
			buildPhases = (
				E2564F232D682A4D00103AAC /* Sources */,
				E2564F242D682A4D00103AAC /* Frameworks */,
				E2564F252D682A4D00103AAC /* Resources */,
			);
			buildRules = (
			);
			dependencies = (
				E2564F292D682A4D00103AAC /* PBXTargetDependency */,
			);
			name = "White Noise NowUITests";
			productName = "White Noise NowUITests";
			productReference = E2564F272D682A4D00103AAC /* White Noise NowUITests.xctest */;
			productType = "com.apple.product-type.bundle.ui-testing";
		};
/* End PBXNativeTarget section */

/* Begin PBXProject section */
		E2564F052D682A4B00103AAC /* Project object */ = {
			isa = PBXProject;
			attributes = {
				BuildIndependentTargetsInParallel = 1;
				LastSwiftUpdateCheck = 1540;
				LastUpgradeCheck = 1540;
				TargetAttributes = {
					E2564F0C2D682A4B00103AAC = {
						CreatedOnToolsVersion = 15.4;
					};
					E2564F1C2D682A4D00103AAC = {
						CreatedOnToolsVersion = 15.4;
						TestTargetID = E2564F0C2D682A4B00103AAC;
					};
					E2564F262D682A4D00103AAC = {
						CreatedOnToolsVersion = 15.4;
						TestTargetID = E2564F0C2D682A4B00103AAC;
					};
				};
			};
			buildConfigurationList = E2564F082D682A4B00103AAC /* Build configuration list for PBXProject "White Noise Now" */;
			compatibilityVersion = "Xcode 14.0";
			developmentRegion = en;
			hasScannedForEncodings = 0;
			knownRegions = (
				en,
				Base,
			);
			mainGroup = E2564F042D682A4B00103AAC;
			productRefGroup = E2564F0E2D682A4B00103AAC /* Products */;
			projectDirPath = "";
			projectRoot = "";
			targets = (
				E2564F0C2D682A4B00103AAC /* White Noise Now */,
				E2564F1C2D682A4D00103AAC /* White Noise NowTests */,
				E2564F262D682A4D00103AAC /* White Noise NowUITests */,
			);
		};
/* End PBXProject section */

/* Begin PBXResourcesBuildPhase section */
		E2564F0B2D682A4B00103AAC /* Resources */ = {
			isa = PBXResourcesBuildPhase;
			buildActionMask = 2147483647;
			files = (
				E235A0C92D83DC4A00710B48 /* TV_Static_Noise_HD.mp4 in Resources */,
				E2564F182D682A4D00103AAC /* Preview Assets.xcassets in Resources */,
				E2564F152D682A4D00103AAC /* Assets.xcassets in Resources */,
			);
			runOnlyForDeploymentPostprocessing = 0;
		};
		E2564F1B2D682A4D00103AAC /* Resources */ = {
			isa = PBXResourcesBuildPhase;
			buildActionMask = 2147483647;
			files = (
			);
			runOnlyForDeploymentPostprocessing = 0;
		};
		E2564F252D682A4D00103AAC /* Resources */ = {
			isa = PBXResourcesBuildPhase;
			buildActionMask = 2147483647;
			files = (
			);
			runOnlyForDeploymentPostprocessing = 0;
		};
/* End PBXResourcesBuildPhase section */

/* Begin PBXSourcesBuildPhase section */
		E2564F092D682A4B00103AAC /* Sources */ = {
			isa = PBXSourcesBuildPhase;
			buildActionMask = 2147483647;
			files = (
				E2564F132D682A4B00103AAC /* ContentView.swift in Sources */,
				E2564F112D682A4B00103AAC /* White_Noise_NowApp.swift in Sources */,
				E2508A462D743A4700C2FE15 /* WhiteNoiseGenerator.swift in Sources */,
				E2508A442D74328400C2FE15 /* StaticView.swift in Sources */,
				E2ED58E62D7560C800B933A5 /* StaticVideoPlayer.swift in Sources */,
			);
			runOnlyForDeploymentPostprocessing = 0;
		};
		E2564F192D682A4D00103AAC /* Sources */ = {
			isa = PBXSourcesBuildPhase;
			buildActionMask = 2147483647;
			files = (
				E2564F222D682A4D00103AAC /* White_Noise_NowTests.swift in Sources */,
			);
			runOnlyForDeploymentPostprocessing = 0;
		};
		E2564F232D682A4D00103AAC /* Sources */ = {
			isa = PBXSourcesBuildPhase;
			buildActionMask = 2147483647;
			files = (
				E2564F2E2D682A4D00103AAC /* White_Noise_NowUITestsLaunchTests.swift in Sources */,
				E2564F2C2D682A4D00103AAC /* White_Noise_NowUITests.swift in Sources */,
			);
			runOnlyForDeploymentPostprocessing = 0;
		};
/* End PBXSourcesBuildPhase section */

/* Begin PBXTargetDependency section */
		E2564F1F2D682A4D00103AAC /* PBXTargetDependency */ = {
			isa = PBXTargetDependency;
			target = E2564F0C2D682A4B00103AAC /* White Noise Now */;
			targetProxy = E2564F1E2D682A4D00103AAC /* PBXContainerItemProxy */;
		};
		E2564F292D682A4D00103AAC /* PBXTargetDependency */ = {
			isa = PBXTargetDependency;
			target = E2564F0C2D682A4B00103AAC /* White Noise Now */;
			targetProxy = E2564F282D682A4D00103AAC /* PBXContainerItemProxy */;
		};
/* End PBXTargetDependency section */

/* Begin XCBuildConfiguration section */
		E2564F2F2D682A4D00103AAC /* Debug */ = {
			isa = XCBuildConfiguration;
			buildSettings = {
				ALWAYS_SEARCH_USER_PATHS = NO;
				ASSETCATALOG_COMPILER_GENERATE_SWIFT_ASSET_SYMBOL_EXTENSIONS = YES;
				CLANG_ANALYZER_NONNULL = YES;
				CLANG_ANALYZER_NUMBER_OBJECT_CONVERSION = YES_AGGRESSIVE;
				CLANG_CXX_LANGUAGE_STANDARD = "gnu++20";
				CLANG_ENABLE_MODULES = YES;
				CLANG_ENABLE_OBJC_ARC = YES;
				CLANG_ENABLE_OBJC_WEAK = YES;
				CLANG_WARN_BLOCK_CAPTURE_AUTORELEASING = YES;
				CLANG_WARN_BOOL_CONVERSION = YES;
				CLANG_WARN_COMMA = YES;
				CLANG_WARN_CONSTANT_CONVERSION = YES;
				CLANG_WARN_DEPRECATED_OBJC_IMPLEMENTATIONS = YES;
				CLANG_WARN_DIRECT_OBJC_ISA_USAGE = YES_ERROR;
				CLANG_WARN_DOCUMENTATION_COMMENTS = YES;
				CLANG_WARN_EMPTY_BODY = YES;
				CLANG_WARN_ENUM_CONVERSION = YES;
				CLANG_WARN_INFINITE_RECURSION = YES;
				CLANG_WARN_INT_CONVERSION = YES;
				CLANG_WARN_NON_LITERAL_NULL_CONVERSION = YES;
				CLANG_WARN_OBJC_IMPLICIT_RETAIN_SELF = YES;
				CLANG_WARN_OBJC_LITERAL_CONVERSION = YES;
				CLANG_WARN_OBJC_ROOT_CLASS = YES_ERROR;
				CLANG_WARN_QUOTED_INCLUDE_IN_FRAMEWORK_HEADER = YES;
				CLANG_WARN_RANGE_LOOP_ANALYSIS = YES;
				CLANG_WARN_STRICT_PROTOTYPES = YES;
				CLANG_WARN_SUSPICIOUS_MOVE = YES;
				CLANG_WARN_UNGUARDED_AVAILABILITY = YES_AGGRESSIVE;
				CLANG_WARN_UNREACHABLE_CODE = YES;
				CLANG_WARN__DUPLICATE_METHOD_MATCH = YES;
				COPY_PHASE_STRIP = NO;
				DEBUG_INFORMATION_FORMAT = dwarf;
				ENABLE_STRICT_OBJC_MSGSEND = YES;
				ENABLE_TESTABILITY = YES;
				ENABLE_USER_SCRIPT_SANDBOXING = YES;
				GCC_C_LANGUAGE_STANDARD = gnu17;
				GCC_DYNAMIC_NO_PIC = NO;
				GCC_NO_COMMON_BLOCKS = YES;
				GCC_OPTIMIZATION_LEVEL = 0;
				GCC_PREPROCESSOR_DEFINITIONS = (
					"DEBUG=1",
					"$(inherited)",
				);
				GCC_WARN_64_TO_32_BIT_CONVERSION = YES;
				GCC_WARN_ABOUT_RETURN_TYPE = YES_ERROR;
				GCC_WARN_UNDECLARED_SELECTOR = YES;
				GCC_WARN_UNINITIALIZED_AUTOS = YES_AGGRESSIVE;
				GCC_WARN_UNUSED_FUNCTION = YES;
				GCC_WARN_UNUSED_VARIABLE = YES;
				IPHONEOS_DEPLOYMENT_TARGET = 17.5;
				LOCALIZATION_PREFERS_STRING_CATALOGS = YES;
				MTL_ENABLE_DEBUG_INFO = INCLUDE_SOURCE;
				MTL_FAST_MATH = YES;
				ONLY_ACTIVE_ARCH = YES;
				SDKROOT = iphoneos;
				SWIFT_ACTIVE_COMPILATION_CONDITIONS = "DEBUG $(inherited)";
				SWIFT_OPTIMIZATION_LEVEL = "-Onone";
			};
			name = Debug;
		};
		E2564F302D682A4D00103AAC /* Release */ = {
			isa = XCBuildConfiguration;
			buildSettings = {
				ALWAYS_SEARCH_USER_PATHS = NO;
				ASSETCATALOG_COMPILER_GENERATE_SWIFT_ASSET_SYMBOL_EXTENSIONS = YES;
				CLANG_ANALYZER_NONNULL = YES;
				CLANG_ANALYZER_NUMBER_OBJECT_CONVERSION = YES_AGGRESSIVE;
				CLANG_CXX_LANGUAGE_STANDARD = "gnu++20";
				CLANG_ENABLE_MODULES = YES;
				CLANG_ENABLE_OBJC_ARC = YES;
				CLANG_ENABLE_OBJC_WEAK = YES;
				CLANG_WARN_BLOCK_CAPTURE_AUTORELEASING = YES;
				CLANG_WARN_BOOL_CONVERSION = YES;
				CLANG_WARN_COMMA = YES;
				CLANG_WARN_CONSTANT_CONVERSION = YES;
				CLANG_WARN_DEPRECATED_OBJC_IMPLEMENTATIONS = YES;
				CLANG_WARN_DIRECT_OBJC_ISA_USAGE = YES_ERROR;
				CLANG_WARN_DOCUMENTATION_COMMENTS = YES;
				CLANG_WARN_EMPTY_BODY = YES;
				CLANG_WARN_ENUM_CONVERSION = YES;
				CLANG_WARN_INFINITE_RECURSION = YES;
				CLANG_WARN_INT_CONVERSION = YES;
				CLANG_WARN_NON_LITERAL_NULL_CONVERSION = YES;
				CLANG_WARN_OBJC_IMPLICIT_RETAIN_SELF = YES;
				CLANG_WARN_OBJC_LITERAL_CONVERSION = YES;
				CLANG_WARN_OBJC_ROOT_CLASS = YES_ERROR;
				CLANG_WARN_QUOTED_INCLUDE_IN_FRAMEWORK_HEADER = YES;
				CLANG_WARN_RANGE_LOOP_ANALYSIS = YES;
				CLANG_WARN_STRICT_PROTOTYPES = YES;
				CLANG_WARN_SUSPICIOUS_MOVE = YES;
				CLANG_WARN_UNGUARDED_AVAILABILITY = YES_AGGRESSIVE;
				CLANG_WARN_UNREACHABLE_CODE = YES;
				CLANG_WARN__DUPLICATE_METHOD_MATCH = YES;
				COPY_PHASE_STRIP = NO;
				DEBUG_INFORMATION_FORMAT = "dwarf-with-dsym";
				ENABLE_NS_ASSERTIONS = NO;
				ENABLE_STRICT_OBJC_MSGSEND = YES;
				ENABLE_USER_SCRIPT_SANDBOXING = YES;
				GCC_C_LANGUAGE_STANDARD = gnu17;
				GCC_NO_COMMON_BLOCKS = YES;
				GCC_WARN_64_TO_32_BIT_CONVERSION = YES;
				GCC_WARN_ABOUT_RETURN_TYPE = YES_ERROR;
				GCC_WARN_UNDECLARED_SELECTOR = YES;
				GCC_WARN_UNINITIALIZED_AUTOS = YES_AGGRESSIVE;
				GCC_WARN_UNUSED_FUNCTION = YES;
				GCC_WARN_UNUSED_VARIABLE = YES;
				IPHONEOS_DEPLOYMENT_TARGET = 17.5;
				LOCALIZATION_PREFERS_STRING_CATALOGS = YES;
				MTL_ENABLE_DEBUG_INFO = NO;
				MTL_FAST_MATH = YES;
				SDKROOT = iphoneos;
				SWIFT_COMPILATION_MODE = wholemodule;
				VALIDATE_PRODUCT = YES;
			};
			name = Release;
		};
		E2564F322D682A4D00103AAC /* Debug */ = {
			isa = XCBuildConfiguration;
			buildSettings = {
				ASSETCATALOG_COMPILER_APPICON_NAME = AppIcon;
				ASSETCATALOG_COMPILER_GLOBAL_ACCENT_COLOR_NAME = AccentColor;
				CODE_SIGN_STYLE = Automatic;
				CURRENT_PROJECT_VERSION = 1;
				DEVELOPMENT_ASSET_PATHS = "\"White Noise Now/Preview Content\"";
				DEVELOPMENT_TEAM = 79X64CRQXT;
				ENABLE_PREVIEWS = YES;
				GENERATE_INFOPLIST_FILE = YES;
				INFOPLIST_KEY_UIApplicationSceneManifest_Generation = YES;
				INFOPLIST_KEY_UIApplicationSupportsIndirectInputEvents = YES;
				INFOPLIST_KEY_UILaunchScreen_Generation = YES;
				INFOPLIST_KEY_UISupportedInterfaceOrientations = UIInterfaceOrientationPortrait;
				INFOPLIST_KEY_UISupportedInterfaceOrientations_iPad = "UIInterfaceOrientationPortrait UIInterfaceOrientationPortraitUpsideDown UIInterfaceOrientationLandscapeLeft UIInterfaceOrientationLandscapeRight";
				INFOPLIST_KEY_UISupportedInterfaceOrientations_iPhone = UIInterfaceOrientationPortrait;
				IPHONEOS_DEPLOYMENT_TARGET = 15.0;
				LD_RUNPATH_SEARCH_PATHS = (
					"$(inherited)",
					"@executable_path/Frameworks",
				);
				MARKETING_VERSION = 1.0;
				PRODUCT_BUNDLE_IDENTIFIER = "com.marcuskim.White-Noise-Now";
				PRODUCT_NAME = "$(TARGET_NAME)";
				SWIFT_EMIT_LOC_STRINGS = YES;
				SWIFT_VERSION = 5.0;
				TARGETED_DEVICE_FAMILY = "1,2";
			};
			name = Debug;
		};
		E2564F332D682A4D00103AAC /* Release */ = {
			isa = XCBuildConfiguration;
			buildSettings = {
				ASSETCATALOG_COMPILER_APPICON_NAME = AppIcon;
				ASSETCATALOG_COMPILER_GLOBAL_ACCENT_COLOR_NAME = AccentColor;
				CODE_SIGN_STYLE = Automatic;
				CURRENT_PROJECT_VERSION = 1;
				DEVELOPMENT_ASSET_PATHS = "\"White Noise Now/Preview Content\"";
				DEVELOPMENT_TEAM = 79X64CRQXT;
				ENABLE_PREVIEWS = YES;
				GENERATE_INFOPLIST_FILE = YES;
				INFOPLIST_KEY_UIApplicationSceneManifest_Generation = YES;
				INFOPLIST_KEY_UIApplicationSupportsIndirectInputEvents = YES;
				INFOPLIST_KEY_UILaunchScreen_Generation = YES;
				INFOPLIST_KEY_UISupportedInterfaceOrientations = UIInterfaceOrientationPortrait;
				INFOPLIST_KEY_UISupportedInterfaceOrientations_iPad = "UIInterfaceOrientationPortrait UIInterfaceOrientationPortraitUpsideDown UIInterfaceOrientationLandscapeLeft UIInterfaceOrientationLandscapeRight";
				INFOPLIST_KEY_UISupportedInterfaceOrientations_iPhone = UIInterfaceOrientationPortrait;
				IPHONEOS_DEPLOYMENT_TARGET = 15.0;
				LD_RUNPATH_SEARCH_PATHS = (
					"$(inherited)",
					"@executable_path/Frameworks",
				);
				MARKETING_VERSION = 1.0;
				PRODUCT_BUNDLE_IDENTIFIER = "com.marcuskim.White-Noise-Now";
				PRODUCT_NAME = "$(TARGET_NAME)";
				SWIFT_EMIT_LOC_STRINGS = YES;
				SWIFT_VERSION = 5.0;
				TARGETED_DEVICE_FAMILY = "1,2";
			};
			name = Release;
		};
		E2564F352D682A4D00103AAC /* Debug */ = {
			isa = XCBuildConfiguration;
			buildSettings = {
				ALWAYS_EMBED_SWIFT_STANDARD_LIBRARIES = YES;
				BUNDLE_LOADER = "$(TEST_HOST)";
				CODE_SIGN_STYLE = Automatic;
				CURRENT_PROJECT_VERSION = 1;
				DEVELOPMENT_TEAM = 79X64CRQXT;
				GENERATE_INFOPLIST_FILE = YES;
				IPHONEOS_DEPLOYMENT_TARGET = 17.5;
				MARKETING_VERSION = 1.0;
				PRODUCT_BUNDLE_IDENTIFIER = "com.marcuskim.White-Noise-NowTests";
				PRODUCT_NAME = "$(TARGET_NAME)";
				SWIFT_EMIT_LOC_STRINGS = NO;
				SWIFT_VERSION = 5.0;
				TARGETED_DEVICE_FAMILY = "1,2";
				TEST_HOST = "$(BUILT_PRODUCTS_DIR)/White Noise Now.app/$(BUNDLE_EXECUTABLE_FOLDER_PATH)/White Noise Now";
			};
			name = Debug;
		};
		E2564F362D682A4D00103AAC /* Release */ = {
			isa = XCBuildConfiguration;
			buildSettings = {
				ALWAYS_EMBED_SWIFT_STANDARD_LIBRARIES = YES;
				BUNDLE_LOADER = "$(TEST_HOST)";
				CODE_SIGN_STYLE = Automatic;
				CURRENT_PROJECT_VERSION = 1;
				DEVELOPMENT_TEAM = 79X64CRQXT;
				GENERATE_INFOPLIST_FILE = YES;
				IPHONEOS_DEPLOYMENT_TARGET = 17.5;
				MARKETING_VERSION = 1.0;
				PRODUCT_BUNDLE_IDENTIFIER = "com.marcuskim.White-Noise-NowTests";
				PRODUCT_NAME = "$(TARGET_NAME)";
				SWIFT_EMIT_LOC_STRINGS = NO;
				SWIFT_VERSION = 5.0;
				TARGETED_DEVICE_FAMILY = "1,2";
				TEST_HOST = "$(BUILT_PRODUCTS_DIR)/White Noise Now.app/$(BUNDLE_EXECUTABLE_FOLDER_PATH)/White Noise Now";
			};
			name = Release;
		};
		E2564F382D682A4D00103AAC /* Debug */ = {
			isa = XCBuildConfiguration;
			buildSettings = {
				ALWAYS_EMBED_SWIFT_STANDARD_LIBRARIES = YES;
				CODE_SIGN_STYLE = Automatic;
				CURRENT_PROJECT_VERSION = 1;
				DEVELOPMENT_TEAM = 79X64CRQXT;
				GENERATE_INFOPLIST_FILE = YES;
				MARKETING_VERSION = 1.0;
				PRODUCT_BUNDLE_IDENTIFIER = "com.marcuskim.White-Noise-NowUITests";
				PRODUCT_NAME = "$(TARGET_NAME)";
				SWIFT_EMIT_LOC_STRINGS = NO;
				SWIFT_VERSION = 5.0;
				TARGETED_DEVICE_FAMILY = "1,2";
				TEST_TARGET_NAME = "White Noise Now";
			};
			name = Debug;
		};
		E2564F392D682A4D00103AAC /* Release */ = {
			isa = XCBuildConfiguration;
			buildSettings = {
				ALWAYS_EMBED_SWIFT_STANDARD_LIBRARIES = YES;
				CODE_SIGN_STYLE = Automatic;
				CURRENT_PROJECT_VERSION = 1;
				DEVELOPMENT_TEAM = 79X64CRQXT;
				GENERATE_INFOPLIST_FILE = YES;
				MARKETING_VERSION = 1.0;
				PRODUCT_BUNDLE_IDENTIFIER = "com.marcuskim.White-Noise-NowUITests";
				PRODUCT_NAME = "$(TARGET_NAME)";
				SWIFT_EMIT_LOC_STRINGS = NO;
				SWIFT_VERSION = 5.0;
				TARGETED_DEVICE_FAMILY = "1,2";
				TEST_TARGET_NAME = "White Noise Now";
			};
			name = Release;
		};
/* End XCBuildConfiguration section */

/* Begin XCConfigurationList section */
		E2564F082D682A4B00103AAC /* Build configuration list for PBXProject "White Noise Now" */ = {
			isa = XCConfigurationList;
			buildConfigurations = (
				E2564F2F2D682A4D00103AAC /* Debug */,
				E2564F302D682A4D00103AAC /* Release */,
			);
			defaultConfigurationIsVisible = 0;
			defaultConfigurationName = Release;
		};
		E2564F312D682A4D00103AAC /* Build configuration list for PBXNativeTarget "White Noise Now" */ = {
			isa = XCConfigurationList;
			buildConfigurations = (
				E2564F322D682A4D00103AAC /* Debug */,
				E2564F332D682A4D00103AAC /* Release */,
			);
			defaultConfigurationIsVisible = 0;
			defaultConfigurationName = Release;
		};
		E2564F342D682A4D00103AAC /* Build configuration list for PBXNativeTarget "White Noise NowTests" */ = {
			isa = XCConfigurationList;
			buildConfigurations = (
				E2564F352D682A4D00103AAC /* Debug */,
				E2564F362D682A4D00103AAC /* Release */,
			);
			defaultConfigurationIsVisible = 0;
			defaultConfigurationName = Release;
		};
		E2564F372D682A4D00103AAC /* Build configuration list for PBXNativeTarget "White Noise NowUITests" */ = {
			isa = XCConfigurationList;
			buildConfigurations = (
				E2564F382D682A4D00103AAC /* Debug */,
				E2564F392D682A4D00103AAC /* Release */,
			);
			defaultConfigurationIsVisible = 0;
			defaultConfigurationName = Release;
		};
/* End XCConfigurationList section */
	};
	rootObject = E2564F052D682A4B00103AAC /* Project object */;
}
